
Microsoft Visual Studio Solution File, Format Version 12.00
Project("{FAE04EC0-301F-11D3-BF4B-00C04F79EFBC}") = "Org.Grush.NasFileCopy.ClientSide", "Org.Grush.NasFileCopy.ClientSide\Org.Grush.NasFileCopy.ClientSide.csproj", "{D83D59A2-CFF1-4741-877F-89AA79CC9E0F}"
EndProject
Project("{FAE04EC0-301F-11D3-BF4B-00C04F79EFBC}") = "Org.Grush.NasFileCopy.ServerSide", "Org.Grush.NasFileCopy.ServerSide\Org.Grush.NasFileCopy.ServerSide.csproj", "{AB7E372D-8B84-4091-A131-24E298E49781}"
EndProject
Global
	GlobalSection(SolutionConfigurationPlatforms) = preSolution
		Debug|Any CPU = Debug|Any CPU
		Release|Any CPU = Release|Any CPU
	EndGlobalSection
	GlobalSection(ProjectConfigurationPlatforms) = postSolution
		{D83D59A2-CFF1-4741-877F-89AA79CC9E0F}.Debug|Any CPU.ActiveCfg = Debug|Any CPU
		{D83D59A2-CFF1-4741-877F-89AA79CC9E0F}.Debug|Any CPU.Build.0 = Debug|Any CPU
		{D83D59A2-CFF1-4741-877F-89AA79CC9E0F}.Release|Any CPU.ActiveCfg = Release|Any CPU
		{D83D59A2-CFF1-4741-877F-89AA79CC9E0F}.Release|Any CPU.Build.0 = Release|Any CPU
		{AB7E372D-8B84-4091-A131-24E298E49781}.Debug|Any CPU.ActiveCfg = Debug|Any CPU
		{AB7E372D-8B84-4091-A131-24E298E49781}.Debug|Any CPU.Build.0 = Debug|Any CPU
		{AB7E372D-8B84-4091-A131-24E298E49781}.Release|Any CPU.ActiveCfg = Release|Any CPU
		{AB7E372D-8B84-4091-A131-24E298E49781}.Release|Any CPU.Build.0 = Release|Any CPU
	EndGlobalSection
EndGlobal
